// !$*UTF8*$!
{
	archiveVersion = 1;
	classes = {
	};
	objectVersion = 50;
	objects = {

/* Begin PBXBuildFile section */
		D3F720D02627E42D00AF4394 /* AppDelegate.swift in Sources */ = {isa = PBXBuildFile; fileRef = D3F720CF2627E42D00AF4394 /* AppDelegate.swift */; };
		D3F720D22627E42D00AF4394 /* SceneDelegate.swift in Sources */ = {isa = PBXBuildFile; fileRef = D3F720D12627E42D00AF4394 /* SceneDelegate.swift */; };
		D3F720D42627E42D00AF4394 /* ViewController.swift in Sources */ = {isa = PBXBuildFile; fileRef = D3F720D32627E42D00AF4394 /* ViewController.swift */; };
		D3F720D72627E42D00AF4394 /* Main.storyboard in Resources */ = {isa = PBXBuildFile; fileRef = D3F720D52627E42D00AF4394 /* Main.storyboard */; };
		D3F720D92627E42E00AF4394 /* Assets.xcassets in Resources */ = {isa = PBXBuildFile; fileRef = D3F720D82627E42E00AF4394 /* Assets.xcassets */; };
		D3F720DC2627E42E00AF4394 /* LaunchScreen.storyboard in Resources */ = {isa = PBXBuildFile; fileRef = D3F720DA2627E42E00AF4394 /* LaunchScreen.storyboard */; };
		D3F720E42627E47000AF4394 /* fondo2.jpg in Resources */ = {isa = PBXBuildFile; fileRef = D3F720E32627E47000AF4394 /* fondo2.jpg */; };
		D3F720E62627E4EC00AF4394 /* fn.png in Resources */ = {isa = PBXBuildFile; fileRef = D3F720E52627E4EC00AF4394 /* fn.png */; };
		D3F720E82627E52E00AF4394 /* icono.png in Resources */ = {isa = PBXBuildFile; fileRef = D3F720E72627E52E00AF4394 /* icono.png */; };
		D3F720EA2627E56300AF4394 /* btm.png in Resources */ = {isa = PBXBuildFile; fileRef = D3F720E92627E56300AF4394 /* btm.png */; };
		D3F720EC2627E56C00AF4394 /* usu.png in Resources */ = {isa = PBXBuildFile; fileRef = D3F720EB2627E56C00AF4394 /* usu.png */; };
		D3F720EE2627E57200AF4394 /* log.png in Resources */ = {isa = PBXBuildFile; fileRef = D3F720ED2627E57200AF4394 /* log.png */; };
		D3F720F02627E57C00AF4394 /* insertar.png in Resources */ = {isa = PBXBuildFile; fileRef = D3F720EF2627E57C00AF4394 /* insertar.png */; };
		D3F720F22627E58800AF4394 /* buscar.png in Resources */ = {isa = PBXBuildFile; fileRef = D3F720F12627E58800AF4394 /* buscar.png */; };
/* End PBXBuildFile section */

/* Begin PBXFileReference section */
		D3F720CC2627E42D00AF4394 /* evi2.app */ = {isa = PBXFileReference; explicitFileType = wrapper.application; includeInIndex = 0; path = evi2.app; sourceTree = BUILT_PRODUCTS_DIR; };
		D3F720CF2627E42D00AF4394 /* AppDelegate.swift */ = {isa = PBXFileReference; lastKnownFileType = sourcecode.swift; path = AppDelegate.swift; sourceTree = "<group>"; };
		D3F720D12627E42D00AF4394 /* SceneDelegate.swift */ = {isa = PBXFileReference; lastKnownFileType = sourcecode.swift; path = SceneDelegate.swift; sourceTree = "<group>"; };
		D3F720D32627E42D00AF4394 /* ViewController.swift */ = {isa = PBXFileReference; lastKnownFileType = sourcecode.swift; path = ViewController.swift; sourceTree = "<group>"; };
		D3F720D62627E42D00AF4394 /* Base */ = {isa = PBXFileReference; lastKnownFileType = file.storyboard; name = Base; path = Base.lproj/Main.storyboard; sourceTree = "<group>"; };
		D3F720D82627E42E00AF4394 /* Assets.xcassets */ = {isa = PBXFileReference; lastKnownFileType = folder.assetcatalog; path = Assets.xcassets; sourceTree = "<group>"; };
		D3F720DB2627E42E00AF4394 /* Base */ = {isa = PBXFileReference; lastKnownFileType = file.storyboard; name = Base; path = Base.lproj/LaunchScreen.storyboard; sourceTree = "<group>"; };
		D3F720DD2627E42E00AF4394 /* Info.plist */ = {isa = PBXFileReference; lastKnownFileType = text.plist.xml; path = Info.plist; sourceTree = "<group>"; };
		D3F720E32627E47000AF4394 /* fondo2.jpg */ = {isa = PBXFileReference; lastKnownFileType = image.jpeg; name = fondo2.jpg; path = ../../fondo2.jpg; sourceTree = "<group>"; };
		D3F720E52627E4EC00AF4394 /* fn.png */ = {isa = PBXFileReference; lastKnownFileType = image.png; name = fn.png; path = ../../fn.png; sourceTree = "<group>"; };
		D3F720E72627E52E00AF4394 /* icono.png */ = {isa = PBXFileReference; lastKnownFileType = image.png; name = icono.png; path = ../../icono.png; sourceTree = "<group>"; };
		D3F720E92627E56300AF4394 /* btm.png */ = {isa = PBXFileReference; lastKnownFileType = image.png; name = btm.png; path = ../../btm.png; sourceTree = "<group>"; };
		D3F720EB2627E56C00AF4394 /* usu.png */ = {isa = PBXFileReference; lastKnownFileType = image.png; name = usu.png; path = ../../usu.png; sourceTree = "<group>"; };
		D3F720ED2627E57200AF4394 /* log.png */ = {isa = PBXFileReference; lastKnownFileType = image.png; name = log.png; path = ../../log.png; sourceTree = "<group>"; };
		D3F720EF2627E57C00AF4394 /* insertar.png */ = {isa = PBXFileReference; lastKnownFileType = image.png; name = insertar.png; path = ../../insertar.png; sourceTree = "<group>"; };
		D3F720F12627E58800AF4394 /* buscar.png */ = {isa = PBXFileReference; lastKnownFileType = image.png; name = buscar.png; path = ../../buscar.png; sourceTree = "<group>"; };
/* End PBXFileReference section */

/* Begin PBXFrameworksBuildPhase section */
		D3F720C92627E42D00AF4394 /* Frameworks */ = {
			isa = PBXFrameworksBuildPhase;
			buildActionMask = 2147483647;
			files = (
			);
			runOnlyForDeploymentPostprocessing = 0;
		};
/* End PBXFrameworksBuildPhase section */

/* Begin PBXGroup section */
		D3F720C32627E42D00AF4394 = {
			isa = PBXGroup;
			children = (
				D3F720CE2627E42D00AF4394 /* evi2 */,
				D3F720CD2627E42D00AF4394 /* Products */,
			);
			sourceTree = "<group>";
		};
		D3F720CD2627E42D00AF4394 /* Products */ = {
			isa = PBXGroup;
			children = (
				D3F720CC2627E42D00AF4394 /* evi2.app */,
			);
			name = Products;
			sourceTree = "<group>";
		};
		D3F720CE2627E42D00AF4394 /* evi2 */ = {
			isa = PBXGroup;
			children = (
				D3F720CF2627E42D00AF4394 /* AppDelegate.swift */,
				D3F720D12627E42D00AF4394 /* SceneDelegate.swift */,
				D3F720D32627E42D00AF4394 /* ViewController.swift */,
				D3F720D52627E42D00AF4394 /* Main.storyboard */,
				D3F720D82627E42E00AF4394 /* Assets.xcassets */,
				D3F720F12627E58800AF4394 /* buscar.png */,
				D3F720EF2627E57C00AF4394 /* insertar.png */,
				D3F720ED2627E57200AF4394 /* log.png */,
				D3F720EB2627E56C00AF4394 /* usu.png */,
				D3F720E92627E56300AF4394 /* btm.png */,
				D3F720E72627E52E00AF4394 /* icono.png */,
				D3F720E52627E4EC00AF4394 /* fn.png */,
				D3F720E32627E47000AF4394 /* fondo2.jpg */,
				D3F720DA2627E42E00AF4394 /* LaunchScreen.storyboard */,
				D3F720DD2627E42E00AF4394 /* Info.plist */,
			);
			path = evi2;
			sourceTree = "<group>";
		};
/* End PBXGroup section */

/* Begin PBXNativeTarget section */
		D3F720CB2627E42D00AF4394 /* evi2 */ = {
			isa = PBXNativeTarget;
			buildConfigurationList = D3F720E02627E42E00AF4394 /* Build configuration list for PBXNativeTarget "evi2" */;
			buildPhases = (
				D3F720C82627E42D00AF4394 /* Sources */,
				D3F720C92627E42D00AF4394 /* Frameworks */,
				D3F720CA2627E42D00AF4394 /* Resources */,
			);
			buildRules = (
			);
			dependencies = (
			);
			name = evi2;
			productName = evi2;
			productReference = D3F720CC2627E42D00AF4394 /* evi2.app */;
			productType = "com.apple.product-type.application";
		};
/* End PBXNativeTarget section */

/* Begin PBXProject section */
		D3F720C42627E42D00AF4394 /* Project object */ = {
			isa = PBXProject;
			attributes = {
				LastSwiftUpdateCheck = 1130;
				LastUpgradeCheck = 1130;
				ORGANIZATIONNAME = user182851;
				TargetAttributes = {
					D3F720CB2627E42D00AF4394 = {
						CreatedOnToolsVersion = 11.3.1;
					};
				};
			};
			buildConfigurationList = D3F720C72627E42D00AF4394 /* Build configuration list for PBXProject "evi2" */;
			compatibilityVersion = "Xcode 9.3";
			developmentRegion = en;
			hasScannedForEncodings = 0;
			knownRegions = (
				en,
				Base,
			);
			mainGroup = D3F720C32627E42D00AF4394;
			productRefGroup = D3F720CD2627E42D00AF4394 /* Products */;
			projectDirPath = "";
			projectRoot = "";
			targets = (
				D3F720CB2627E42D00AF4394 /* evi2 */,
			);
		};
/* End PBXProject section */

/* Begin PBXResourcesBuildPhase section */
		D3F720CA2627E42D00AF4394 /* Resources */ = {
			isa = PBXResourcesBuildPhase;
			buildActionMask = 2147483647;
			files = (
				D3F720EE2627E57200AF4394 /* log.png in Resources */,
				D3F720E62627E4EC00AF4394 /* fn.png in Resources */,
				D3F720DC2627E42E00AF4394 /* LaunchScreen.storyboard in Resources */,
				D3F720E82627E52E00AF4394 /* icono.png in Resources */,
				D3F720E42627E47000AF4394 /* fondo2.jpg in Resources */,
				D3F720F02627E57C00AF4394 /* insertar.png in Resources */,
				D3F720D92627E42E00AF4394 /* Assets.xcassets in Resources */,
				D3F720EA2627E56300AF4394 /* btm.png in Resources */,
				D3F720F22627E58800AF4394 /* buscar.png in Resources */,
				D3F720D72627E42D00AF4394 /* Main.storyboard in Resources */,
				D3F720EC2627E56C00AF4394 /* usu.png in Resources */,
			);
			runOnlyForDeploymentPostprocessing = 0;
		};
/* End PBXResourcesBuildPhase section */

/* Begin PBXSourcesBuildPhase section */
		D3F720C82627E42D00AF4394 /* Sources */ = {
			isa = PBXSourcesBuildPhase;
			buildActionMask = 2147483647;
			files = (
				D3F720D42627E42D00AF4394 /* ViewController.swift in Sources */,
				D3F720D02627E42D00AF4394 /* AppDelegate.swift in Sources */,
				D3F720D22627E42D00AF4394 /* SceneDelegate.swift in Sources */,
			);
			runOnlyForDeploymentPostprocessing = 0;
		};
/* End PBXSourcesBuildPhase section */

/* Begin PBXVariantGroup section */
		D3F720D52627E42D00AF4394 /* Main.storyboard */ = {
			isa = PBXVariantGroup;
			children = (
				D3F720D62627E42D00AF4394 /* Base */,
			);
			name = Main.storyboard;
			sourceTree = "<group>";
		};
		D3F720DA2627E42E00AF4394 /* LaunchScreen.storyboard */ = {
			isa = PBXVariantGroup;
			children = (
				D3F720DB2627E42E00AF4394 /* Base */,
			);
			name = LaunchScreen.storyboard;
			sourceTree = "<group>";
		};
/* End PBXVariantGroup section */

/* Begin XCBuildConfiguration section */
		D3F720DE2627E42E00AF4394 /* Debug */ = {
			isa = XCBuildConfiguration;
			buildSettings = {
				ALWAYS_SEARCH_USER_PATHS = NO;
				CLANG_ANALYZER_NONNULL = YES;
				CLANG_ANALYZER_NUMBER_OBJECT_CONVERSION = YES_AGGRESSIVE;
				CLANG_CXX_LANGUAGE_STANDARD = "gnu++14";
				CLANG_CXX_LIBRARY = "libc++";
				CLANG_ENABLE_MODULES = YES;
				CLANG_ENABLE_OBJC_ARC = YES;
				CLANG_ENABLE_OBJC_WEAK = YES;
				CLANG_WARN_BLOCK_CAPTURE_AUTORELEASING = YES;
				CLANG_WARN_BOOL_CONVERSION = YES;
				CLANG_WARN_COMMA = YES;
				CLANG_WARN_CONSTANT_CONVERSION = YES;
				CLANG_WARN_DEPRECATED_OBJC_IMPLEMENTATIONS = YES;
				CLANG_WARN_DIRECT_OBJC_ISA_USAGE = YES_ERROR;
				CLANG_WARN_DOCUMENTATION_COMMENTS = YES;
				CLANG_WARN_EMPTY_BODY = YES;
				CLANG_WARN_ENUM_CONVERSION = YES;
				CLANG_WARN_INFINITE_RECURSION = YES;
				CLANG_WARN_INT_CONVERSION = YES;
				CLANG_WARN_NON_LITERAL_NULL_CONVERSION = YES;
				CLANG_WARN_OBJC_IMPLICIT_RETAIN_SELF = YES;
				CLANG_WARN_OBJC_LITERAL_CONVERSION = YES;
				CLANG_WARN_OBJC_ROOT_CLASS = YES_ERROR;
				CLANG_WARN_RANGE_LOOP_ANALYSIS = YES;
				CLANG_WARN_STRICT_PROTOTYPES = YES;
				CLANG_WARN_SUSPICIOUS_MOVE = YES;
				CLANG_WARN_UNGUARDED_AVAILABILITY = YES_AGGRESSIVE;
				CLANG_WARN_UNREACHABLE_CODE = YES;
				CLANG_WARN__DUPLICATE_METHOD_MATCH = YES;
				COPY_PHASE_STRIP = NO;
				DEBUG_INFORMATION_FORMAT = dwarf;
				ENABLE_STRICT_OBJC_MSGSEND = YES;
				ENABLE_TESTABILITY = YES;
				GCC_C_LANGUAGE_STANDARD = gnu11;
				GCC_DYNAMIC_NO_PIC = NO;
				GCC_NO_COMMON_BLOCKS = YES;
				GCC_OPTIMIZATION_LEVEL = 0;
				GCC_PREPROCESSOR_DEFINITIONS = (
					"DEBUG=1",
					"$(inherited)",
				);
				GCC_WARN_64_TO_32_BIT_CONVERSION = YES;
				GCC_WARN_ABOUT_RETURN_TYPE = YES_ERROR;
				GCC_WARN_UNDECLARED_SELECTOR = YES;
				GCC_WARN_UNINITIALIZED_AUTOS = YES_AGGRESSIVE;
				GCC_WARN_UNUSED_FUNCTION = YES;
				GCC_WARN_UNUSED_VARIABLE = YES;
				IPHONEOS_DEPLOYMENT_TARGET = 13.2;
				MTL_ENABLE_DEBUG_INFO = INCLUDE_SOURCE;
				MTL_FAST_MATH = YES;
				ONLY_ACTIVE_ARCH = YES;
				SDKROOT = iphoneos;
				SWIFT_ACTIVE_COMPILATION_CONDITIONS = DEBUG;
				SWIFT_OPTIMIZATION_LEVEL = "-Onone";
			};
			name = Debug;
		};
		D3F720DF2627E42E00AF4394 /* Release */ = {
			isa = XCBuildConfiguration;
			buildSettings = {
				ALWAYS_SEARCH_USER_PATHS = NO;
				CLANG_ANALYZER_NONNULL = YES;
				CLANG_ANALYZER_NUMBER_OBJECT_CONVERSION = YES_AGGRESSIVE;
				CLANG_CXX_LANGUAGE_STANDARD = "gnu++14";
				CLANG_CXX_LIBRARY = "libc++";
				CLANG_ENABLE_MODULES = YES;
				CLANG_ENABLE_OBJC_ARC = YES;
				CLANG_ENABLE_OBJC_WEAK = YES;
				CLANG_WARN_BLOCK_CAPTURE_AUTORELEASING = YES;
				CLANG_WARN_BOOL_CONVERSION = YES;
				CLANG_WARN_COMMA = YES;
				CLANG_WARN_CONSTANT_CONVERSION = YES;
				CLANG_WARN_DEPRECATED_OBJC_IMPLEMENTATIONS = YES;
				CLANG_WARN_DIRECT_OBJC_ISA_USAGE = YES_ERROR;
				CLANG_WARN_DOCUMENTATION_COMMENTS = YES;
				CLANG_WARN_EMPTY_BODY = YES;
				CLANG_WARN_ENUM_CONVERSION = YES;
				CLANG_WARN_INFINITE_RECURSION = YES;
				CLANG_WARN_INT_CONVERSION = YES;
				CLANG_WARN_NON_LITERAL_NULL_CONVERSION = YES;
				CLANG_WARN_OBJC_IMPLICIT_RETAIN_SELF = YES;
				CLANG_WARN_OBJC_LITERAL_CONVERSION = YES;
				CLANG_WARN_OBJC_ROOT_CLASS = YES_ERROR;
				CLANG_WARN_RANGE_LOOP_ANALYSIS = YES;
				CLANG_WARN_STRICT_PROTOTYPES = YES;
				CLANG_WARN_SUSPICIOUS_MOVE = YES;
				CLANG_WARN_UNGUARDED_AVAILABILITY = YES_AGGRESSIVE;
				CLANG_WARN_UNREACHABLE_CODE = YES;
				CLANG_WARN__DUPLICATE_METHOD_MATCH = YES;
				COPY_PHASE_STRIP = NO;
				DEBUG_INFORMATION_FORMAT = "dwarf-with-dsym";
				ENABLE_NS_ASSERTIONS = NO;
				ENABLE_STRICT_OBJC_MSGSEND = YES;
				GCC_C_LANGUAGE_STANDARD = gnu11;
				GCC_NO_COMMON_BLOCKS = YES;
				GCC_WARN_64_TO_32_BIT_CONVERSION = YES;
				GCC_WARN_ABOUT_RETURN_TYPE = YES_ERROR;
				GCC_WARN_UNDECLARED_SELECTOR = YES;
				GCC_WARN_UNINITIALIZED_AUTOS = YES_AGGRESSIVE;
				GCC_WARN_UNUSED_FUNCTION = YES;
				GCC_WARN_UNUSED_VARIABLE = YES;
				IPHONEOS_DEPLOYMENT_TARGET = 13.2;
				MTL_ENABLE_DEBUG_INFO = NO;
				MTL_FAST_MATH = YES;
				SDKROOT = iphoneos;
				SWIFT_COMPILATION_MODE = wholemodule;
				SWIFT_OPTIMIZATION_LEVEL = "-O";
				VALIDATE_PRODUCT = YES;
			};
			name = Release;
		};
		D3F720E12627E42E00AF4394 /* Debug */ = {
			isa = XCBuildConfiguration;
			buildSettings = {
				ASSETCATALOG_COMPILER_APPICON_NAME = AppIcon;
				CODE_SIGN_STYLE = Automatic;
				INFOPLIST_FILE = evi2/Info.plist;
				LD_RUNPATH_SEARCH_PATHS = (
					"$(inherited)",
					"@executable_path/Frameworks",
				);
				PRODUCT_BUNDLE_IDENTIFIER = tecmi.evi2;
				PRODUCT_NAME = "$(TARGET_NAME)";
				SWIFT_VERSION = 5.0;
				TARGETED_DEVICE_FAMILY = "1,2";
			};
			name = Debug;
		};
		D3F720E22627E42E00AF4394 /* Release */ = {
			isa = XCBuildConfiguration;
			buildSettings = {
				ASSETCATALOG_COMPILER_APPICON_NAME = AppIcon;
				CODE_SIGN_STYLE = Automatic;
				INFOPLIST_FILE = evi2/Info.plist;
				LD_RUNPATH_SEARCH_PATHS = (
					"$(inherited)",
					"@executable_path/Frameworks",
				);
				PRODUCT_BUNDLE_IDENTIFIER = tecmi.evi2;
				PRODUCT_NAME = "$(TARGET_NAME)";
				SWIFT_VERSION = 5.0;
				TARGETED_DEVICE_FAMILY = "1,2";
			};
			name = Release;
		};
/* End XCBuildConfiguration section */

/* Begin XCConfigurationList section */
		D3F720C72627E42D00AF4394 /* Build configuration list for PBXProject "evi2" */ = {
			isa = XCConfigurationList;
			buildConfigurations = (
				D3F720DE2627E42E00AF4394 /* Debug */,
				D3F720DF2627E42E00AF4394 /* Release */,
			);
			defaultConfigurationIsVisible = 0;
			defaultConfigurationName = Release;
		};
		D3F720E02627E42E00AF4394 /* Build configuration list for PBXNativeTarget "evi2" */ = {
			isa = XCConfigurationList;
			buildConfigurations = (
				D3F720E12627E42E00AF4394 /* Debug */,
				D3F720E22627E42E00AF4394 /* Release */,
			);
			defaultConfigurationIsVisible = 0;
			defaultConfigurationName = Release;
		};
/* End XCConfigurationList section */
	};
	rootObject = D3F720C42627E42D00AF4394 /* Project object */;
}
